
Microsoft Visual Studio Solution File, Format Version 12.00
# Visual Studio Version 16
VisualStudioVersion = 16.0.30320.27
MinimumVisualStudioVersion = 10.0.40219.1
Project("{FAE04EC0-301F-11D3-BF4B-00C04F79EFBC}") = "ROT13", "ROT13\ROT13.csproj", "{B54B6743-BC72-417E-85AB-52F4E8CE486D}"
EndProject
Global
	GlobalSection(SolutionConfigurationPlatforms) = preSolution
		Debug|Any CPU = Debug|Any CPU
		Release|Any CPU = Release|Any CPU
	EndGlobalSection
	GlobalSection(ProjectConfigurationPlatforms) = postSolution
		{B54B6743-BC72-417E-85AB-52F4E8CE486D}.Debug|Any CPU.ActiveCfg = Debug|Any CPU
		{B54B6743-BC72-417E-85AB-52F4E8CE486D}.Debug|Any CPU.Build.0 = Debug|Any CPU
		{B54B6743-BC72-417E-85AB-52F4E8CE486D}.Release|Any CPU.ActiveCfg = Release|Any CPU
		{B54B6743-BC72-417E-85AB-52F4E8CE486D}.Release|Any CPU.Build.0 = Release|Any CPU
	EndGlobalSection
	GlobalSection(SolutionProperties) = preSolution
		HideSolutionNode = FALSE
	EndGlobalSection
	GlobalSection(ExtensibilityGlobals) = postSolution
		SolutionGuid = {65818CEC-A022-48E6-B546-4F047F059529}
	EndGlobalSection
EndGlobal
